
Microsoft Visual Studio Solution File, Format Version 12.00
# Visual Studio Version 17
VisualStudioVersion = 17.8.34330.188
MinimumVisualStudioVersion = 10.0.40219.1
Project("{9A19103F-16F7-4668-BE54-9A1E7A4F7556}") = "Market.APIs", "Market.APIs\Market.APIs.csproj", "{ED70C3BE-74ED-4172-9D1B-3856136A9126}"
EndProject
Project("{FAE04EC0-301F-11D3-BF4B-00C04F79EFBC}") = "Market.Core", "Market.Core\Market.Core.csproj", "{75DC8CAE-5D2E-467F-9CDF-93CC270833DD}"
EndProject
Project("{FAE04EC0-301F-11D3-BF4B-00C04F79EFBC}") = "Market.Repository", "Market.Repositories\Market.Repository.csproj", "{EFB60C26-D8C8-436E-999B-85DDC4C04271}"
EndProject
Project("{FAE04EC0-301F-11D3-BF4B-00C04F79EFBC}") = "Market.Service", "Market.Service\Market.Service.csproj", "{2657DDBF-4494-4830-91B4-1488651B0A0E}"
EndProject
Global
	GlobalSection(SolutionConfigurationPlatforms) = preSolution
		Debug|Any CPU = Debug|Any CPU
		Release|Any CPU = Release|Any CPU
	EndGlobalSection
	GlobalSection(ProjectConfigurationPlatforms) = postSolution
		{ED70C3BE-74ED-4172-9D1B-3856136A9126}.Debug|Any CPU.ActiveCfg = Debug|Any CPU
		{ED70C3BE-74ED-4172-9D1B-3856136A9126}.Debug|Any CPU.Build.0 = Debug|Any CPU
		{ED70C3BE-74ED-4172-9D1B-3856136A9126}.Release|Any CPU.ActiveCfg = Release|Any CPU
		{ED70C3BE-74ED-4172-9D1B-3856136A9126}.Release|Any CPU.Build.0 = Release|Any CPU
		{75DC8CAE-5D2E-467F-9CDF-93CC270833DD}.Debug|Any CPU.ActiveCfg = Debug|Any CPU
		{75DC8CAE-5D2E-467F-9CDF-93CC270833DD}.Debug|Any CPU.Build.0 = Debug|Any CPU
		{75DC8CAE-5D2E-467F-9CDF-93CC270833DD}.Release|Any CPU.ActiveCfg = Release|Any CPU
		{75DC8CAE-5D2E-467F-9CDF-93CC270833DD}.Release|Any CPU.Build.0 = Release|Any CPU
		{EFB60C26-D8C8-436E-999B-85DDC4C04271}.Debug|Any CPU.ActiveCfg = Debug|Any CPU
		{EFB60C26-D8C8-436E-999B-85DDC4C04271}.Debug|Any CPU.Build.0 = Debug|Any CPU
		{EFB60C26-D8C8-436E-999B-85DDC4C04271}.Release|Any CPU.ActiveCfg = Release|Any CPU
		{EFB60C26-D8C8-436E-999B-85DDC4C04271}.Release|Any CPU.Build.0 = Release|Any CPU
		{2657DDBF-4494-4830-91B4-1488651B0A0E}.Debug|Any CPU.ActiveCfg = Debug|Any CPU
		{2657DDBF-4494-4830-91B4-1488651B0A0E}.Debug|Any CPU.Build.0 = Debug|Any CPU
		{2657DDBF-4494-4830-91B4-1488651B0A0E}.Release|Any CPU.ActiveCfg = Release|Any CPU
		{2657DDBF-4494-4830-91B4-1488651B0A0E}.Release|Any CPU.Build.0 = Release|Any CPU
	EndGlobalSection
	GlobalSection(SolutionProperties) = preSolution
		HideSolutionNode = FALSE
	EndGlobalSection
	GlobalSection(ExtensibilityGlobals) = postSolution
		SolutionGuid = {94A4B5B0-FF39-4C15-9C23-7871DC422BFF}
	EndGlobalSection
EndGlobal
